
Microsoft Visual Studio Solution File, Format Version 12.00
# Visual Studio 15
Project("{FAE04EC0-301F-11D3-BF4B-00C04F79EFBC}") = "Assembly-CSharp", "Assembly-CSharp.csproj", "{5558838D-F039-6B5B-C816-BAF5B26A79BC}"
EndProject
Project("{FAE04EC0-301F-11D3-BF4B-00C04F79EFBC}") = "AstarPathfindingProject", "AstarPathfindingProject.csproj", "{CEE8BBAD-FA0C-AB74-2F09-38E9C359705D}"
EndProject
Project("{FAE04EC0-301F-11D3-BF4B-00C04F79EFBC}") = "PackageToolsEditor", "PackageToolsEditor.csproj", "{CE8012ED-B7AC-4FC7-0D96-EEF41ABE7D6A}"
EndProject
Project("{FAE04EC0-301F-11D3-BF4B-00C04F79EFBC}") = "AstarPathfindingProjectEditor", "AstarPathfindingProjectEditor.csproj", "{EA4A4A2C-0029-819E-123D-7783BC4E3C8D}"
EndProject
Project("{FAE04EC0-301F-11D3-BF4B-00C04F79EFBC}") = "Assembly-CSharp-Editor", "Assembly-CSharp-Editor.csproj", "{6DE53C4C-547C-1844-A009-21E01CB37B5F}"
EndProject
Global
	GlobalSection(SolutionConfigurationPlatforms) = preSolution
		Debug|Any CPU = Debug|Any CPU
		Release|Any CPU = Release|Any CPU
	EndGlobalSection
	GlobalSection(ProjectConfigurationPlatforms) = postSolution
		{5558838D-F039-6B5B-C816-BAF5B26A79BC}.Debug|Any CPU.ActiveCfg = Debug|Any CPU
		{5558838D-F039-6B5B-C816-BAF5B26A79BC}.Debug|Any CPU.Build.0 = Debug|Any CPU
		{5558838D-F039-6B5B-C816-BAF5B26A79BC}.Release|Any CPU.ActiveCfg = Release|Any CPU
		{5558838D-F039-6B5B-C816-BAF5B26A79BC}.Release|Any CPU.Build.0 = Release|Any CPU
		{CEE8BBAD-FA0C-AB74-2F09-38E9C359705D}.Debug|Any CPU.ActiveCfg = Debug|Any CPU
		{CEE8BBAD-FA0C-AB74-2F09-38E9C359705D}.Debug|Any CPU.Build.0 = Debug|Any CPU
		{CEE8BBAD-FA0C-AB74-2F09-38E9C359705D}.Release|Any CPU.ActiveCfg = Release|Any CPU
		{CEE8BBAD-FA0C-AB74-2F09-38E9C359705D}.Release|Any CPU.Build.0 = Release|Any CPU
		{CE8012ED-B7AC-4FC7-0D96-EEF41ABE7D6A}.Debug|Any CPU.ActiveCfg = Debug|Any CPU
		{CE8012ED-B7AC-4FC7-0D96-EEF41ABE7D6A}.Debug|Any CPU.Build.0 = Debug|Any CPU
		{CE8012ED-B7AC-4FC7-0D96-EEF41ABE7D6A}.Release|Any CPU.ActiveCfg = Release|Any CPU
		{CE8012ED-B7AC-4FC7-0D96-EEF41ABE7D6A}.Release|Any CPU.Build.0 = Release|Any CPU
		{EA4A4A2C-0029-819E-123D-7783BC4E3C8D}.Debug|Any CPU.ActiveCfg = Debug|Any CPU
		{EA4A4A2C-0029-819E-123D-7783BC4E3C8D}.Debug|Any CPU.Build.0 = Debug|Any CPU
		{EA4A4A2C-0029-819E-123D-7783BC4E3C8D}.Release|Any CPU.ActiveCfg = Release|Any CPU
		{EA4A4A2C-0029-819E-123D-7783BC4E3C8D}.Release|Any CPU.Build.0 = Release|Any CPU
		{6DE53C4C-547C-1844-A009-21E01CB37B5F}.Debug|Any CPU.ActiveCfg = Debug|Any CPU
		{6DE53C4C-547C-1844-A009-21E01CB37B5F}.Debug|Any CPU.Build.0 = Debug|Any CPU
		{6DE53C4C-547C-1844-A009-21E01CB37B5F}.Release|Any CPU.ActiveCfg = Release|Any CPU
		{6DE53C4C-547C-1844-A009-21E01CB37B5F}.Release|Any CPU.Build.0 = Release|Any CPU
	EndGlobalSection
	GlobalSection(SolutionProperties) = preSolution
		HideSolutionNode = FALSE
	EndGlobalSection
EndGlobal
